
Microsoft Visual Studio Solution File, Format Version 12.00
# Visual Studio Version 17
VisualStudioVersion = 17.0.31611.283
MinimumVisualStudioVersion = 10.0.40219.1
Project("{9A19103F-16F7-4668-BE54-9A1E7A4F7556}") = "SM.Mobile", "SM.Mobile.csproj", "{1931FF85-FFB1-4BDE-97EA-84132E6BA281}"
EndProject
Project("{9A19103F-16F7-4668-BE54-9A1E7A4F7556}") = "SM.Data", "..\SM.Data\SM.Data.csproj", "{F40ED461-FA27-4F21-A73C-9845854E9CA2}"
EndProject
Project("{9A19103F-16F7-4668-BE54-9A1E7A4F7556}") = "SM.Logger", "..\SM.Logger\SM.Logger.csproj", "{EBC57F2F-05E3-45C4-BB4D-DB4956FE9AEC}"
EndProject
Project("{9A19103F-16F7-4668-BE54-9A1E7A4F7556}") = "SM.Tests", "..\SM.Tests\SM.Tests.csproj", "{574964D2-012C-493E-8D18-E3ED633237CB}"
EndProject
Project("{9A19103F-16F7-4668-BE54-9A1E7A4F7556}") = "SM.WebAPI", "..\SM.WebAPI\SM.WebAPI.csproj", "{87351F7F-EC01-46A1-B385-A08E7B1EAC60}"
EndProject
Project("{9A19103F-16F7-4668-BE54-9A1E7A4F7556}") = "SM.Core", "..\SM.Core\SM.Core.csproj", "{26D9ED31-F10B-4676-89FD-2B028C04CC05}"
EndProject
Global
	GlobalSection(SolutionConfigurationPlatforms) = preSolution
		Debug|Any CPU = Debug|Any CPU
		Release|Any CPU = Release|Any CPU
	EndGlobalSection
	GlobalSection(ProjectConfigurationPlatforms) = postSolution
		{1931FF85-FFB1-4BDE-97EA-84132E6BA281}.Debug|Any CPU.ActiveCfg = Debug|Any CPU
		{1931FF85-FFB1-4BDE-97EA-84132E6BA281}.Debug|Any CPU.Build.0 = Debug|Any CPU
		{1931FF85-FFB1-4BDE-97EA-84132E6BA281}.Debug|Any CPU.Deploy.0 = Debug|Any CPU
		{1931FF85-FFB1-4BDE-97EA-84132E6BA281}.Release|Any CPU.ActiveCfg = Release|Any CPU
		{1931FF85-FFB1-4BDE-97EA-84132E6BA281}.Release|Any CPU.Build.0 = Release|Any CPU
		{1931FF85-FFB1-4BDE-97EA-84132E6BA281}.Release|Any CPU.Deploy.0 = Release|Any CPU
		{F40ED461-FA27-4F21-A73C-9845854E9CA2}.Debug|Any CPU.ActiveCfg = Debug|Any CPU
		{F40ED461-FA27-4F21-A73C-9845854E9CA2}.Debug|Any CPU.Build.0 = Debug|Any CPU
		{F40ED461-FA27-4F21-A73C-9845854E9CA2}.Release|Any CPU.ActiveCfg = Release|Any CPU
		{F40ED461-FA27-4F21-A73C-9845854E9CA2}.Release|Any CPU.Build.0 = Release|Any CPU
		{EBC57F2F-05E3-45C4-BB4D-DB4956FE9AEC}.Debug|Any CPU.ActiveCfg = Debug|Any CPU
		{EBC57F2F-05E3-45C4-BB4D-DB4956FE9AEC}.Debug|Any CPU.Build.0 = Debug|Any CPU
		{EBC57F2F-05E3-45C4-BB4D-DB4956FE9AEC}.Release|Any CPU.ActiveCfg = Release|Any CPU
		{EBC57F2F-05E3-45C4-BB4D-DB4956FE9AEC}.Release|Any CPU.Build.0 = Release|Any CPU
		{574964D2-012C-493E-8D18-E3ED633237CB}.Debug|Any CPU.ActiveCfg = Debug|Any CPU
		{574964D2-012C-493E-8D18-E3ED633237CB}.Debug|Any CPU.Build.0 = Debug|Any CPU
		{574964D2-012C-493E-8D18-E3ED633237CB}.Release|Any CPU.ActiveCfg = Release|Any CPU
		{574964D2-012C-493E-8D18-E3ED633237CB}.Release|Any CPU.Build.0 = Release|Any CPU
		{87351F7F-EC01-46A1-B385-A08E7B1EAC60}.Debug|Any CPU.ActiveCfg = Debug|Any CPU
		{87351F7F-EC01-46A1-B385-A08E7B1EAC60}.Debug|Any CPU.Build.0 = Debug|Any CPU
		{87351F7F-EC01-46A1-B385-A08E7B1EAC60}.Release|Any CPU.ActiveCfg = Release|Any CPU
		{87351F7F-EC01-46A1-B385-A08E7B1EAC60}.Release|Any CPU.Build.0 = Release|Any CPU
		{26D9ED31-F10B-4676-89FD-2B028C04CC05}.Debug|Any CPU.ActiveCfg = Debug|Any CPU
		{26D9ED31-F10B-4676-89FD-2B028C04CC05}.Debug|Any CPU.Build.0 = Debug|Any CPU
		{26D9ED31-F10B-4676-89FD-2B028C04CC05}.Release|Any CPU.ActiveCfg = Release|Any CPU
		{26D9ED31-F10B-4676-89FD-2B028C04CC05}.Release|Any CPU.Build.0 = Release|Any CPU
	EndGlobalSection
	GlobalSection(SolutionProperties) = preSolution
		HideSolutionNode = FALSE
	EndGlobalSection
	GlobalSection(ExtensibilityGlobals) = postSolution
		SolutionGuid = {61F7FB11-1E47-470C-91E2-47F8143E1572}
	EndGlobalSection
EndGlobal
